
Microsoft Visual Studio Solution File, Format Version 12.00
# Visual Studio Version 17
VisualStudioVersion = 17.8.34525.116
MinimumVisualStudioVersion = 10.0.40219.1
Project("{9A19103F-16F7-4668-BE54-9A1E7A4F7556}") = "AnprEnricher", "AnprEnricher\AnprEnricher.csproj", "{076BAB5C-AF01-4ACA-AC1F-33FA8C300F7E}"
EndProject
Project("{9A19103F-16F7-4668-BE54-9A1E7A4F7556}") = "AnprDataProcessor", "AnprDataProcessor\AnprDataProcessor.csproj", "{7D12EB5D-6E1E-4943-A89E-1FDD89C19475}"
EndProject
Project("{9A19103F-16F7-4668-BE54-9A1E7A4F7556}") = "AnprWebApi", "AnprWebApi\AnprWebApi.csproj", "{03EF1C7F-2749-40DF-8225-60ECCB13EF7D}"
EndProject
Project("{FAE04EC0-301F-11D3-BF4B-00C04F79EFBC}") = "Shared", "Shared\Shared.csproj", "{C6F62F1E-E4E0-48D0-B9FF-372F01D6AB1B}"
EndProject
Project("{2150E333-8FDC-42A3-9474-1A3956D46DE8}") = "Tests", "Tests", "{3B0E0E16-5B99-461A-8320-C0E44AA7A528}"
EndProject
Project("{FAE04EC0-301F-11D3-BF4B-00C04F79EFBC}") = "AnprEnricherTests", "Tests\AnprEnricherTests\AnprEnricherTests.csproj", "{0CF5CD67-6808-44F1-9DBB-6D6E2C505665}"
EndProject
Project("{FAE04EC0-301F-11D3-BF4B-00C04F79EFBC}") = "AnprDataProcessorTests", "Tests\AnprDataProcessorTests\AnprDataProcessorTests.csproj", "{2CA53D5D-5D0A-4E87-8419-13CF0C03D7F5}"
EndProject
Global
	GlobalSection(SolutionConfigurationPlatforms) = preSolution
		Debug|Any CPU = Debug|Any CPU
		Release|Any CPU = Release|Any CPU
	EndGlobalSection
	GlobalSection(ProjectConfigurationPlatforms) = postSolution
		{076BAB5C-AF01-4ACA-AC1F-33FA8C300F7E}.Debug|Any CPU.ActiveCfg = Debug|Any CPU
		{076BAB5C-AF01-4ACA-AC1F-33FA8C300F7E}.Debug|Any CPU.Build.0 = Debug|Any CPU
		{076BAB5C-AF01-4ACA-AC1F-33FA8C300F7E}.Release|Any CPU.ActiveCfg = Release|Any CPU
		{076BAB5C-AF01-4ACA-AC1F-33FA8C300F7E}.Release|Any CPU.Build.0 = Release|Any CPU
		{7D12EB5D-6E1E-4943-A89E-1FDD89C19475}.Debug|Any CPU.ActiveCfg = Debug|Any CPU
		{7D12EB5D-6E1E-4943-A89E-1FDD89C19475}.Debug|Any CPU.Build.0 = Debug|Any CPU
		{7D12EB5D-6E1E-4943-A89E-1FDD89C19475}.Release|Any CPU.ActiveCfg = Release|Any CPU
		{7D12EB5D-6E1E-4943-A89E-1FDD89C19475}.Release|Any CPU.Build.0 = Release|Any CPU
		{03EF1C7F-2749-40DF-8225-60ECCB13EF7D}.Debug|Any CPU.ActiveCfg = Debug|Any CPU
		{03EF1C7F-2749-40DF-8225-60ECCB13EF7D}.Debug|Any CPU.Build.0 = Debug|Any CPU
		{03EF1C7F-2749-40DF-8225-60ECCB13EF7D}.Release|Any CPU.ActiveCfg = Release|Any CPU
		{03EF1C7F-2749-40DF-8225-60ECCB13EF7D}.Release|Any CPU.Build.0 = Release|Any CPU
		{0334C6E5-A92D-4F71-821A-5D998F50E4D9}.Debug|Any CPU.ActiveCfg = Debug|Any CPU
		{0334C6E5-A92D-4F71-821A-5D998F50E4D9}.Debug|Any CPU.Build.0 = Debug|Any CPU
		{0334C6E5-A92D-4F71-821A-5D998F50E4D9}.Release|Any CPU.ActiveCfg = Release|Any CPU
		{0334C6E5-A92D-4F71-821A-5D998F50E4D9}.Release|Any CPU.Build.0 = Release|Any CPU
		{C6F62F1E-E4E0-48D0-B9FF-372F01D6AB1B}.Debug|Any CPU.ActiveCfg = Debug|Any CPU
		{C6F62F1E-E4E0-48D0-B9FF-372F01D6AB1B}.Debug|Any CPU.Build.0 = Debug|Any CPU
		{C6F62F1E-E4E0-48D0-B9FF-372F01D6AB1B}.Release|Any CPU.ActiveCfg = Release|Any CPU
		{C6F62F1E-E4E0-48D0-B9FF-372F01D6AB1B}.Release|Any CPU.Build.0 = Release|Any CPU
		{FB85F9C8-D053-4982-8926-D3CE44B57592}.Debug|Any CPU.ActiveCfg = Debug|Any CPU
		{FB85F9C8-D053-4982-8926-D3CE44B57592}.Debug|Any CPU.Build.0 = Debug|Any CPU
		{FB85F9C8-D053-4982-8926-D3CE44B57592}.Release|Any CPU.ActiveCfg = Release|Any CPU
		{FB85F9C8-D053-4982-8926-D3CE44B57592}.Release|Any CPU.Build.0 = Release|Any CPU
		{0CF5CD67-6808-44F1-9DBB-6D6E2C505665}.Debug|Any CPU.ActiveCfg = Debug|Any CPU
		{0CF5CD67-6808-44F1-9DBB-6D6E2C505665}.Debug|Any CPU.Build.0 = Debug|Any CPU
		{0CF5CD67-6808-44F1-9DBB-6D6E2C505665}.Release|Any CPU.ActiveCfg = Release|Any CPU
		{0CF5CD67-6808-44F1-9DBB-6D6E2C505665}.Release|Any CPU.Build.0 = Release|Any CPU
		{2CA53D5D-5D0A-4E87-8419-13CF0C03D7F5}.Debug|Any CPU.ActiveCfg = Debug|Any CPU
		{2CA53D5D-5D0A-4E87-8419-13CF0C03D7F5}.Debug|Any CPU.Build.0 = Debug|Any CPU
		{2CA53D5D-5D0A-4E87-8419-13CF0C03D7F5}.Release|Any CPU.ActiveCfg = Release|Any CPU
		{2CA53D5D-5D0A-4E87-8419-13CF0C03D7F5}.Release|Any CPU.Build.0 = Release|Any CPU
	EndGlobalSection
	GlobalSection(SolutionProperties) = preSolution
		HideSolutionNode = FALSE
	EndGlobalSection
	GlobalSection(ExtensibilityGlobals) = postSolution
		SolutionGuid = {91BB402A-F176-4CFD-912C-F0ABCE59474E}
	EndGlobalSection
	GlobalSection(NestedProjects) = preSolution
		{0CF5CD67-6808-44F1-9DBB-6D6E2C505665} = {3B0E0E16-5B99-461A-8320-C0E44AA7A528}
		{2CA53D5D-5D0A-4E87-8419-13CF0C03D7F5} = {3B0E0E16-5B99-461A-8320-C0E44AA7A528}
	EndGlobalSection
EndGlobal
